
Microsoft Visual Studio Solution File, Format Version 12.00
# Visual Studio Version 16
VisualStudioVersion = 16.0.30717.126
MinimumVisualStudioVersion = 10.0.40219.1
Project("{2150E333-8FDC-42A3-9474-1A3956D46DE8}") = "CSharp Versionen", "CSharp Versionen", "{4A67D4CC-A1CA-4423-9BBA-A16CEA4517AB}"
EndProject
Project("{9A19103F-16F7-4668-BE54-9A1E7A4F7556}") = "CSharp_70", "CSharp_70\CSharp_70.csproj", "{6DE49D2A-0E98-464F-973C-6DB43784FC53}"
EndProject
Project("{9A19103F-16F7-4668-BE54-9A1E7A4F7556}") = "CSharp_71", "CSharp_71\CSharp_71.csproj", "{966959B7-38C6-4390-94DD-E1F80F8B57D5}"
EndProject
Project("{9A19103F-16F7-4668-BE54-9A1E7A4F7556}") = "CSharp_72", "CSharp_72\CSharp_72.csproj", "{399D2F8E-94AC-416E-94F1-4BED052F1ED4}"
EndProject
Project("{9A19103F-16F7-4668-BE54-9A1E7A4F7556}") = "CSharp_80", "CSharp_80\CSharp_80.csproj", "{599F2BB0-2026-4455-ADF0-30A61CCAE921}"
EndProject
Project("{9A19103F-16F7-4668-BE54-9A1E7A4F7556}") = "CSharp_90", "CSharp_90\CSharp_90.csproj", "{04526060-DD1E-4AFC-9800-6C0175BBAEC9}"
EndProject
Project("{2150E333-8FDC-42A3-9474-1A3956D46DE8}") = "Solid", "Solid", "{C874F746-271D-4155-8BFE-CAC30BBC12DF}"
EndProject
Project("{9A19103F-16F7-4668-BE54-9A1E7A4F7556}") = "Responsibility_Princip_OCP", "Responsibility_Princip_OCP\Responsibility_Princip_OCP.csproj", "{29B9C09D-A9EB-4141-92D7-CD331EFFD870}"
EndProject
Project("{9A19103F-16F7-4668-BE54-9A1E7A4F7556}") = "OpenClosed_Principle_OCP", "OpenClosed_Principle_OCP\OpenClosed_Principle_OCP.csproj", "{C3D509A7-5D1E-4DC9-BF23-2986D77811D2}"
EndProject
Project("{9A19103F-16F7-4668-BE54-9A1E7A4F7556}") = "Liskov_substitution_principle_LSP", "Liskov_substitution_principle_LSP\Liskov_substitution_principle_LSP.csproj", "{C470525D-4F71-4BB6-8386-36DA8569BB32}"
EndProject
Project("{9A19103F-16F7-4668-BE54-9A1E7A4F7556}") = "Interface_segregation_principle_ISP", "Interface_segregation_principle_ISP\Interface_segregation_principle_ISP.csproj", "{CA864C7F-108C-4702-BFEE-EBCF91A32A99}"
EndProject
Project("{2150E333-8FDC-42A3-9474-1A3956D46DE8}") = "Solution Items", "Solution Items", "{B70750C3-6EEE-4DC6-B88A-15B1943B21DF}"
	ProjectSection(SolutionItems) = preProject
		Agneda_und_Collection.txt = Agneda_und_Collection.txt
	EndProjectSection
EndProject
Project("{9A19103F-16F7-4668-BE54-9A1E7A4F7556}") = "Dependency_Inversion", "Dependency_Inversion\Dependency_Inversion.csproj", "{252212EB-3097-4496-A88F-AC6DD92C81A9}"
EndProject
Project("{2150E333-8FDC-42A3-9474-1A3956D46DE8}") = "Generics", "Generics", "{02852FEC-C41C-41A5-B101-DE2ABE2EA9B1}"
EndProject
Project("{9A19103F-16F7-4668-BE54-9A1E7A4F7556}") = "GenericSamples", "GenericSamples\GenericSamples.csproj", "{1143FB23-33C9-4888-B86F-039A57E774EB}"
EndProject
Project("{9A19103F-16F7-4668-BE54-9A1E7A4F7556}") = "GenericsWithConstraintsSample", "GenericsWithConstraintsSample\GenericsWithConstraintsSample.csproj", "{B7CD9E00-5323-4492-91D4-540531F6DB9A}"
EndProject
Project("{2150E333-8FDC-42A3-9474-1A3956D46DE8}") = "Multi Threading", "Multi Threading", "{20E39C65-2C56-4871-B4A9-7BB13F85C430}"
EndProject
Project("{9A19103F-16F7-4668-BE54-9A1E7A4F7556}") = "ParameterloserThread", "ParameterloserThread\ParameterloserThread.csproj", "{C7B2B6F2-8086-477E-BAE8-B40D6A8F4493}"
EndProject
Project("{9A19103F-16F7-4668-BE54-9A1E7A4F7556}") = "ThreadMitParameter", "ThreadMitParameter\ThreadMitParameter.csproj", "{157D9D19-B520-4045-8E21-B1B6D1ACAACB}"
EndProject
Project("{9A19103F-16F7-4668-BE54-9A1E7A4F7556}") = "Thread_Beenden", "Thread_Beenden\Thread_Beenden.csproj", "{8D26A450-D4A8-4B3A-AD75-589584FD7C35}"
EndProject
Project("{9A19103F-16F7-4668-BE54-9A1E7A4F7556}") = "ThreadPool", "ThreadPool\ThreadPool.csproj", "{E6807B3E-B969-4A40-AFAB-D8BF0EFC2E41}"
EndProject
Project("{FAE04EC0-301F-11D3-BF4B-00C04F79EFBC}") = "LockSample", "LockSample\LockSample.csproj", "{7156AA53-90CD-4D4A-A2E5-B6CA2F5D9E5E}"
EndProject
Project("{FAE04EC0-301F-11D3-BF4B-00C04F79EFBC}") = "MonitorSample", "MonitorSample\MonitorSample.csproj", "{066E1DB7-A926-4F90-839A-04210E01E4E4}"
EndProject
Project("{FAE04EC0-301F-11D3-BF4B-00C04F79EFBC}") = "MutexSample", "MutexSample\MutexSample.csproj", "{EE1E6B0D-CC04-4F29-BD48-EEF2D543CB57}"
EndProject
Project("{FAE04EC0-301F-11D3-BF4B-00C04F79EFBC}") = "MutexSample_ProgrammInstanceSample", "MutexSample_ProgrammInstanceSample\MutexSample_ProgrammInstanceSample.csproj", "{3E1F54F4-6DAD-4804-AE22-5E177A51602C}"
EndProject
Project("{FAE04EC0-301F-11D3-BF4B-00C04F79EFBC}") = "SemaphoreSample", "SemaphoreSample\SemaphoreSample.csproj", "{A3F96D1C-30B2-4FB3-BA03-8A049BC36C9F}"
EndProject
Project("{FAE04EC0-301F-11D3-BF4B-00C04F79EFBC}") = "SemaphoreSample2", "SemaphoreSample2\SemaphoreSample2.csproj", "{37D3046A-46BF-4A4E-AE20-4C733A390503}"
EndProject
Project("{2150E333-8FDC-42A3-9474-1A3956D46DE8}") = "Task Parallel Library", "Task Parallel Library", "{F8A13FA2-44ED-48F3-9ECB-977EF5833AD0}"
EndProject
Project("{FAE04EC0-301F-11D3-BF4B-00C04F79EFBC}") = "001_EinfachTask", "001_EinfachTask\001_EinfachTask.csproj", "{5AEC454C-1957-467F-A40A-F9A52ADC74C7}"
EndProject
Project("{FAE04EC0-301F-11D3-BF4B-00C04F79EFBC}") = "002_TaskFactory", "002_TaskFactory\002_TaskFactory.csproj", "{BE0FE90C-1F68-4C75-93CC-6E21274740E1}"
EndProject
Project("{FAE04EC0-301F-11D3-BF4B-00C04F79EFBC}") = "003_TaskMitParameter", "003_TaskMitParameter\003_TaskMitParameter.csproj", "{5E907C85-B73A-4AD8-8D73-4A1966C3FF5D}"
EndProject
Project("{FAE04EC0-301F-11D3-BF4B-00C04F79EFBC}") = "004_Task_Beenden", "004_Task_Beenden\004_Task_Beenden.csproj", "{750CA559-9B3D-4008-84CC-69128A4AFE1D}"
EndProject
Project("{FAE04EC0-301F-11D3-BF4B-00C04F79EFBC}") = "004a_Task_Pausieren", "004a_Task_Pausieren\004a_Task_Pausieren.csproj", "{AAEE8A33-5C56-4885-92BC-542E5EB87A63}"
EndProject
Project("{FAE04EC0-301F-11D3-BF4B-00C04F79EFBC}") = "005_TasksMitException", "005_TasksMitException\005_TasksMitException.csproj", "{4B706230-8DAD-4CD4-921D-7561CF3C867D}"
EndProject
Project("{FAE04EC0-301F-11D3-BF4B-00C04F79EFBC}") = "BenchmarkTest_ParallelForVSFor", "BenchmarkTest_ParallelForVSFor\BenchmarkTest_ParallelForVSFor.csproj", "{BC8A8CE2-BD18-4769-9CE5-D3E1AC9F75B9}"
EndProject
Global
	GlobalSection(SolutionConfigurationPlatforms) = preSolution
		Debug|Any CPU = Debug|Any CPU
		Release|Any CPU = Release|Any CPU
	EndGlobalSection
	GlobalSection(ProjectConfigurationPlatforms) = postSolution
		{6DE49D2A-0E98-464F-973C-6DB43784FC53}.Debug|Any CPU.ActiveCfg = Debug|Any CPU
		{6DE49D2A-0E98-464F-973C-6DB43784FC53}.Debug|Any CPU.Build.0 = Debug|Any CPU
		{6DE49D2A-0E98-464F-973C-6DB43784FC53}.Release|Any CPU.ActiveCfg = Release|Any CPU
		{6DE49D2A-0E98-464F-973C-6DB43784FC53}.Release|Any CPU.Build.0 = Release|Any CPU
		{966959B7-38C6-4390-94DD-E1F80F8B57D5}.Debug|Any CPU.ActiveCfg = Debug|Any CPU
		{966959B7-38C6-4390-94DD-E1F80F8B57D5}.Debug|Any CPU.Build.0 = Debug|Any CPU
		{966959B7-38C6-4390-94DD-E1F80F8B57D5}.Release|Any CPU.ActiveCfg = Release|Any CPU
		{966959B7-38C6-4390-94DD-E1F80F8B57D5}.Release|Any CPU.Build.0 = Release|Any CPU
		{399D2F8E-94AC-416E-94F1-4BED052F1ED4}.Debug|Any CPU.ActiveCfg = Debug|Any CPU
		{399D2F8E-94AC-416E-94F1-4BED052F1ED4}.Debug|Any CPU.Build.0 = Debug|Any CPU
		{399D2F8E-94AC-416E-94F1-4BED052F1ED4}.Release|Any CPU.ActiveCfg = Release|Any CPU
		{399D2F8E-94AC-416E-94F1-4BED052F1ED4}.Release|Any CPU.Build.0 = Release|Any CPU
		{599F2BB0-2026-4455-ADF0-30A61CCAE921}.Debug|Any CPU.ActiveCfg = Debug|Any CPU
		{599F2BB0-2026-4455-ADF0-30A61CCAE921}.Debug|Any CPU.Build.0 = Debug|Any CPU
		{599F2BB0-2026-4455-ADF0-30A61CCAE921}.Release|Any CPU.ActiveCfg = Release|Any CPU
		{599F2BB0-2026-4455-ADF0-30A61CCAE921}.Release|Any CPU.Build.0 = Release|Any CPU
		{04526060-DD1E-4AFC-9800-6C0175BBAEC9}.Debug|Any CPU.ActiveCfg = Debug|Any CPU
		{04526060-DD1E-4AFC-9800-6C0175BBAEC9}.Debug|Any CPU.Build.0 = Debug|Any CPU
		{04526060-DD1E-4AFC-9800-6C0175BBAEC9}.Release|Any CPU.ActiveCfg = Release|Any CPU
		{04526060-DD1E-4AFC-9800-6C0175BBAEC9}.Release|Any CPU.Build.0 = Release|Any CPU
		{29B9C09D-A9EB-4141-92D7-CD331EFFD870}.Debug|Any CPU.ActiveCfg = Debug|Any CPU
		{29B9C09D-A9EB-4141-92D7-CD331EFFD870}.Debug|Any CPU.Build.0 = Debug|Any CPU
		{29B9C09D-A9EB-4141-92D7-CD331EFFD870}.Release|Any CPU.ActiveCfg = Release|Any CPU
		{29B9C09D-A9EB-4141-92D7-CD331EFFD870}.Release|Any CPU.Build.0 = Release|Any CPU
		{C3D509A7-5D1E-4DC9-BF23-2986D77811D2}.Debug|Any CPU.ActiveCfg = Debug|Any CPU
		{C3D509A7-5D1E-4DC9-BF23-2986D77811D2}.Debug|Any CPU.Build.0 = Debug|Any CPU
		{C3D509A7-5D1E-4DC9-BF23-2986D77811D2}.Release|Any CPU.ActiveCfg = Release|Any CPU
		{C3D509A7-5D1E-4DC9-BF23-2986D77811D2}.Release|Any CPU.Build.0 = Release|Any CPU
		{C470525D-4F71-4BB6-8386-36DA8569BB32}.Debug|Any CPU.ActiveCfg = Debug|Any CPU
		{C470525D-4F71-4BB6-8386-36DA8569BB32}.Debug|Any CPU.Build.0 = Debug|Any CPU
		{C470525D-4F71-4BB6-8386-36DA8569BB32}.Release|Any CPU.ActiveCfg = Release|Any CPU
		{C470525D-4F71-4BB6-8386-36DA8569BB32}.Release|Any CPU.Build.0 = Release|Any CPU
		{CA864C7F-108C-4702-BFEE-EBCF91A32A99}.Debug|Any CPU.ActiveCfg = Debug|Any CPU
		{CA864C7F-108C-4702-BFEE-EBCF91A32A99}.Debug|Any CPU.Build.0 = Debug|Any CPU
		{CA864C7F-108C-4702-BFEE-EBCF91A32A99}.Release|Any CPU.ActiveCfg = Release|Any CPU
		{CA864C7F-108C-4702-BFEE-EBCF91A32A99}.Release|Any CPU.Build.0 = Release|Any CPU
		{252212EB-3097-4496-A88F-AC6DD92C81A9}.Debug|Any CPU.ActiveCfg = Debug|Any CPU
		{252212EB-3097-4496-A88F-AC6DD92C81A9}.Debug|Any CPU.Build.0 = Debug|Any CPU
		{252212EB-3097-4496-A88F-AC6DD92C81A9}.Release|Any CPU.ActiveCfg = Release|Any CPU
		{252212EB-3097-4496-A88F-AC6DD92C81A9}.Release|Any CPU.Build.0 = Release|Any CPU
		{1143FB23-33C9-4888-B86F-039A57E774EB}.Debug|Any CPU.ActiveCfg = Debug|Any CPU
		{1143FB23-33C9-4888-B86F-039A57E774EB}.Debug|Any CPU.Build.0 = Debug|Any CPU
		{1143FB23-33C9-4888-B86F-039A57E774EB}.Release|Any CPU.ActiveCfg = Release|Any CPU
		{1143FB23-33C9-4888-B86F-039A57E774EB}.Release|Any CPU.Build.0 = Release|Any CPU
		{B7CD9E00-5323-4492-91D4-540531F6DB9A}.Debug|Any CPU.ActiveCfg = Debug|Any CPU
		{B7CD9E00-5323-4492-91D4-540531F6DB9A}.Debug|Any CPU.Build.0 = Debug|Any CPU
		{B7CD9E00-5323-4492-91D4-540531F6DB9A}.Release|Any CPU.ActiveCfg = Release|Any CPU
		{B7CD9E00-5323-4492-91D4-540531F6DB9A}.Release|Any CPU.Build.0 = Release|Any CPU
		{C7B2B6F2-8086-477E-BAE8-B40D6A8F4493}.Debug|Any CPU.ActiveCfg = Debug|Any CPU
		{C7B2B6F2-8086-477E-BAE8-B40D6A8F4493}.Debug|Any CPU.Build.0 = Debug|Any CPU
		{C7B2B6F2-8086-477E-BAE8-B40D6A8F4493}.Release|Any CPU.ActiveCfg = Release|Any CPU
		{C7B2B6F2-8086-477E-BAE8-B40D6A8F4493}.Release|Any CPU.Build.0 = Release|Any CPU
		{157D9D19-B520-4045-8E21-B1B6D1ACAACB}.Debug|Any CPU.ActiveCfg = Debug|Any CPU
		{157D9D19-B520-4045-8E21-B1B6D1ACAACB}.Debug|Any CPU.Build.0 = Debug|Any CPU
		{157D9D19-B520-4045-8E21-B1B6D1ACAACB}.Release|Any CPU.ActiveCfg = Release|Any CPU
		{157D9D19-B520-4045-8E21-B1B6D1ACAACB}.Release|Any CPU.Build.0 = Release|Any CPU
		{8D26A450-D4A8-4B3A-AD75-589584FD7C35}.Debug|Any CPU.ActiveCfg = Debug|Any CPU
		{8D26A450-D4A8-4B3A-AD75-589584FD7C35}.Debug|Any CPU.Build.0 = Debug|Any CPU
		{8D26A450-D4A8-4B3A-AD75-589584FD7C35}.Release|Any CPU.ActiveCfg = Release|Any CPU
		{8D26A450-D4A8-4B3A-AD75-589584FD7C35}.Release|Any CPU.Build.0 = Release|Any CPU
		{E6807B3E-B969-4A40-AFAB-D8BF0EFC2E41}.Debug|Any CPU.ActiveCfg = Debug|Any CPU
		{E6807B3E-B969-4A40-AFAB-D8BF0EFC2E41}.Debug|Any CPU.Build.0 = Debug|Any CPU
		{E6807B3E-B969-4A40-AFAB-D8BF0EFC2E41}.Release|Any CPU.ActiveCfg = Release|Any CPU
		{E6807B3E-B969-4A40-AFAB-D8BF0EFC2E41}.Release|Any CPU.Build.0 = Release|Any CPU
		{7156AA53-90CD-4D4A-A2E5-B6CA2F5D9E5E}.Debug|Any CPU.ActiveCfg = Debug|Any CPU
		{7156AA53-90CD-4D4A-A2E5-B6CA2F5D9E5E}.Debug|Any CPU.Build.0 = Debug|Any CPU
		{7156AA53-90CD-4D4A-A2E5-B6CA2F5D9E5E}.Release|Any CPU.ActiveCfg = Release|Any CPU
		{7156AA53-90CD-4D4A-A2E5-B6CA2F5D9E5E}.Release|Any CPU.Build.0 = Release|Any CPU
		{066E1DB7-A926-4F90-839A-04210E01E4E4}.Debug|Any CPU.ActiveCfg = Debug|Any CPU
		{066E1DB7-A926-4F90-839A-04210E01E4E4}.Debug|Any CPU.Build.0 = Debug|Any CPU
		{066E1DB7-A926-4F90-839A-04210E01E4E4}.Release|Any CPU.ActiveCfg = Release|Any CPU
		{066E1DB7-A926-4F90-839A-04210E01E4E4}.Release|Any CPU.Build.0 = Release|Any CPU
		{EE1E6B0D-CC04-4F29-BD48-EEF2D543CB57}.Debug|Any CPU.ActiveCfg = Debug|Any CPU
		{EE1E6B0D-CC04-4F29-BD48-EEF2D543CB57}.Debug|Any CPU.Build.0 = Debug|Any CPU
		{EE1E6B0D-CC04-4F29-BD48-EEF2D543CB57}.Release|Any CPU.ActiveCfg = Release|Any CPU
		{EE1E6B0D-CC04-4F29-BD48-EEF2D543CB57}.Release|Any CPU.Build.0 = Release|Any CPU
		{3E1F54F4-6DAD-4804-AE22-5E177A51602C}.Debug|Any CPU.ActiveCfg = Debug|Any CPU
		{3E1F54F4-6DAD-4804-AE22-5E177A51602C}.Debug|Any CPU.Build.0 = Debug|Any CPU
		{3E1F54F4-6DAD-4804-AE22-5E177A51602C}.Release|Any CPU.ActiveCfg = Release|Any CPU
		{3E1F54F4-6DAD-4804-AE22-5E177A51602C}.Release|Any CPU.Build.0 = Release|Any CPU
		{A3F96D1C-30B2-4FB3-BA03-8A049BC36C9F}.Debug|Any CPU.ActiveCfg = Debug|Any CPU
		{A3F96D1C-30B2-4FB3-BA03-8A049BC36C9F}.Debug|Any CPU.Build.0 = Debug|Any CPU
		{A3F96D1C-30B2-4FB3-BA03-8A049BC36C9F}.Release|Any CPU.ActiveCfg = Release|Any CPU
		{A3F96D1C-30B2-4FB3-BA03-8A049BC36C9F}.Release|Any CPU.Build.0 = Release|Any CPU
		{37D3046A-46BF-4A4E-AE20-4C733A390503}.Debug|Any CPU.ActiveCfg = Debug|Any CPU
		{37D3046A-46BF-4A4E-AE20-4C733A390503}.Debug|Any CPU.Build.0 = Debug|Any CPU
		{37D3046A-46BF-4A4E-AE20-4C733A390503}.Release|Any CPU.ActiveCfg = Release|Any CPU
		{37D3046A-46BF-4A4E-AE20-4C733A390503}.Release|Any CPU.Build.0 = Release|Any CPU
		{5AEC454C-1957-467F-A40A-F9A52ADC74C7}.Debug|Any CPU.ActiveCfg = Debug|Any CPU
		{5AEC454C-1957-467F-A40A-F9A52ADC74C7}.Debug|Any CPU.Build.0 = Debug|Any CPU
		{5AEC454C-1957-467F-A40A-F9A52ADC74C7}.Release|Any CPU.ActiveCfg = Release|Any CPU
		{5AEC454C-1957-467F-A40A-F9A52ADC74C7}.Release|Any CPU.Build.0 = Release|Any CPU
		{BE0FE90C-1F68-4C75-93CC-6E21274740E1}.Debug|Any CPU.ActiveCfg = Debug|Any CPU
		{BE0FE90C-1F68-4C75-93CC-6E21274740E1}.Debug|Any CPU.Build.0 = Debug|Any CPU
		{BE0FE90C-1F68-4C75-93CC-6E21274740E1}.Release|Any CPU.ActiveCfg = Release|Any CPU
		{BE0FE90C-1F68-4C75-93CC-6E21274740E1}.Release|Any CPU.Build.0 = Release|Any CPU
		{5E907C85-B73A-4AD8-8D73-4A1966C3FF5D}.Debug|Any CPU.ActiveCfg = Debug|Any CPU
		{5E907C85-B73A-4AD8-8D73-4A1966C3FF5D}.Debug|Any CPU.Build.0 = Debug|Any CPU
		{5E907C85-B73A-4AD8-8D73-4A1966C3FF5D}.Release|Any CPU.ActiveCfg = Release|Any CPU
		{5E907C85-B73A-4AD8-8D73-4A1966C3FF5D}.Release|Any CPU.Build.0 = Release|Any CPU
		{750CA559-9B3D-4008-84CC-69128A4AFE1D}.Debug|Any CPU.ActiveCfg = Debug|Any CPU
		{750CA559-9B3D-4008-84CC-69128A4AFE1D}.Debug|Any CPU.Build.0 = Debug|Any CPU
		{750CA559-9B3D-4008-84CC-69128A4AFE1D}.Release|Any CPU.ActiveCfg = Release|Any CPU
		{750CA559-9B3D-4008-84CC-69128A4AFE1D}.Release|Any CPU.Build.0 = Release|Any CPU
		{AAEE8A33-5C56-4885-92BC-542E5EB87A63}.Debug|Any CPU.ActiveCfg = Debug|Any CPU
		{AAEE8A33-5C56-4885-92BC-542E5EB87A63}.Debug|Any CPU.Build.0 = Debug|Any CPU
		{AAEE8A33-5C56-4885-92BC-542E5EB87A63}.Release|Any CPU.ActiveCfg = Release|Any CPU
		{AAEE8A33-5C56-4885-92BC-542E5EB87A63}.Release|Any CPU.Build.0 = Release|Any CPU
		{4B706230-8DAD-4CD4-921D-7561CF3C867D}.Debug|Any CPU.ActiveCfg = Debug|Any CPU
		{4B706230-8DAD-4CD4-921D-7561CF3C867D}.Debug|Any CPU.Build.0 = Debug|Any CPU
		{4B706230-8DAD-4CD4-921D-7561CF3C867D}.Release|Any CPU.ActiveCfg = Release|Any CPU
		{4B706230-8DAD-4CD4-921D-7561CF3C867D}.Release|Any CPU.Build.0 = Release|Any CPU
		{BC8A8CE2-BD18-4769-9CE5-D3E1AC9F75B9}.Debug|Any CPU.ActiveCfg = Debug|Any CPU
		{BC8A8CE2-BD18-4769-9CE5-D3E1AC9F75B9}.Debug|Any CPU.Build.0 = Debug|Any CPU
		{BC8A8CE2-BD18-4769-9CE5-D3E1AC9F75B9}.Release|Any CPU.ActiveCfg = Release|Any CPU
		{BC8A8CE2-BD18-4769-9CE5-D3E1AC9F75B9}.Release|Any CPU.Build.0 = Release|Any CPU
	EndGlobalSection
	GlobalSection(SolutionProperties) = preSolution
		HideSolutionNode = FALSE
	EndGlobalSection
	GlobalSection(NestedProjects) = preSolution
		{6DE49D2A-0E98-464F-973C-6DB43784FC53} = {4A67D4CC-A1CA-4423-9BBA-A16CEA4517AB}
		{966959B7-38C6-4390-94DD-E1F80F8B57D5} = {4A67D4CC-A1CA-4423-9BBA-A16CEA4517AB}
		{399D2F8E-94AC-416E-94F1-4BED052F1ED4} = {4A67D4CC-A1CA-4423-9BBA-A16CEA4517AB}
		{599F2BB0-2026-4455-ADF0-30A61CCAE921} = {4A67D4CC-A1CA-4423-9BBA-A16CEA4517AB}
		{04526060-DD1E-4AFC-9800-6C0175BBAEC9} = {4A67D4CC-A1CA-4423-9BBA-A16CEA4517AB}
		{29B9C09D-A9EB-4141-92D7-CD331EFFD870} = {C874F746-271D-4155-8BFE-CAC30BBC12DF}
		{C3D509A7-5D1E-4DC9-BF23-2986D77811D2} = {C874F746-271D-4155-8BFE-CAC30BBC12DF}
		{C470525D-4F71-4BB6-8386-36DA8569BB32} = {C874F746-271D-4155-8BFE-CAC30BBC12DF}
		{CA864C7F-108C-4702-BFEE-EBCF91A32A99} = {C874F746-271D-4155-8BFE-CAC30BBC12DF}
		{252212EB-3097-4496-A88F-AC6DD92C81A9} = {C874F746-271D-4155-8BFE-CAC30BBC12DF}
		{1143FB23-33C9-4888-B86F-039A57E774EB} = {02852FEC-C41C-41A5-B101-DE2ABE2EA9B1}
		{B7CD9E00-5323-4492-91D4-540531F6DB9A} = {02852FEC-C41C-41A5-B101-DE2ABE2EA9B1}
		{C7B2B6F2-8086-477E-BAE8-B40D6A8F4493} = {20E39C65-2C56-4871-B4A9-7BB13F85C430}
		{157D9D19-B520-4045-8E21-B1B6D1ACAACB} = {20E39C65-2C56-4871-B4A9-7BB13F85C430}
		{8D26A450-D4A8-4B3A-AD75-589584FD7C35} = {20E39C65-2C56-4871-B4A9-7BB13F85C430}
		{E6807B3E-B969-4A40-AFAB-D8BF0EFC2E41} = {20E39C65-2C56-4871-B4A9-7BB13F85C430}
		{7156AA53-90CD-4D4A-A2E5-B6CA2F5D9E5E} = {20E39C65-2C56-4871-B4A9-7BB13F85C430}
		{066E1DB7-A926-4F90-839A-04210E01E4E4} = {20E39C65-2C56-4871-B4A9-7BB13F85C430}
		{EE1E6B0D-CC04-4F29-BD48-EEF2D543CB57} = {20E39C65-2C56-4871-B4A9-7BB13F85C430}
		{3E1F54F4-6DAD-4804-AE22-5E177A51602C} = {20E39C65-2C56-4871-B4A9-7BB13F85C430}
		{A3F96D1C-30B2-4FB3-BA03-8A049BC36C9F} = {20E39C65-2C56-4871-B4A9-7BB13F85C430}
		{37D3046A-46BF-4A4E-AE20-4C733A390503} = {20E39C65-2C56-4871-B4A9-7BB13F85C430}
		{5AEC454C-1957-467F-A40A-F9A52ADC74C7} = {F8A13FA2-44ED-48F3-9ECB-977EF5833AD0}
		{BE0FE90C-1F68-4C75-93CC-6E21274740E1} = {F8A13FA2-44ED-48F3-9ECB-977EF5833AD0}
		{5E907C85-B73A-4AD8-8D73-4A1966C3FF5D} = {F8A13FA2-44ED-48F3-9ECB-977EF5833AD0}
		{750CA559-9B3D-4008-84CC-69128A4AFE1D} = {F8A13FA2-44ED-48F3-9ECB-977EF5833AD0}
		{AAEE8A33-5C56-4885-92BC-542E5EB87A63} = {F8A13FA2-44ED-48F3-9ECB-977EF5833AD0}
		{4B706230-8DAD-4CD4-921D-7561CF3C867D} = {F8A13FA2-44ED-48F3-9ECB-977EF5833AD0}
		{BC8A8CE2-BD18-4769-9CE5-D3E1AC9F75B9} = {F8A13FA2-44ED-48F3-9ECB-977EF5833AD0}
	EndGlobalSection
	GlobalSection(ExtensibilityGlobals) = postSolution
		SolutionGuid = {5E018147-8B5C-49CE-9FE0-965DD5F3BB06}
	EndGlobalSection
EndGlobal
